// !$*UTF8*$!
{
	archiveVersion = 1;
	classes = {
	};
	objectVersion = 50;
	objects = {

/* Begin PBXBuildFile section */
		F3570BA725B2ECC1004DA695 /* HeroWorkoutAufgabeAppApp.swift in Sources */ = {isa = PBXBuildFile; fileRef = F3570BA625B2ECC1004DA695 /* HeroWorkoutAufgabeAppApp.swift */; };
		F3570BA925B2ECC1004DA695 /* ContentView.swift in Sources */ = {isa = PBXBuildFile; fileRef = F3570BA825B2ECC1004DA695 /* ContentView.swift */; };
		F3570BAB25B2ECC4004DA695 /* Assets.xcassets in Resources */ = {isa = PBXBuildFile; fileRef = F3570BAA25B2ECC4004DA695 /* Assets.xcassets */; };
		F3570BAE25B2ECC4004DA695 /* Preview Assets.xcassets in Resources */ = {isa = PBXBuildFile; fileRef = F3570BAD25B2ECC4004DA695 /* Preview Assets.xcassets */; };
		F3570BB925B2ECC4004DA695 /* HeroWorkoutAufgabeAppTests.swift in Sources */ = {isa = PBXBuildFile; fileRef = F3570BB825B2ECC4004DA695 /* HeroWorkoutAufgabeAppTests.swift */; };
		F3570BC425B2ECC4004DA695 /* HeroWorkoutAufgabeAppUITests.swift in Sources */ = {isa = PBXBuildFile; fileRef = F3570BC325B2ECC4004DA695 /* HeroWorkoutAufgabeAppUITests.swift */; };
		F3570BD525B2ED4A004DA695 /* SceneDelegate.swift in Sources */ = {isa = PBXBuildFile; fileRef = F3570BD425B2ED4A004DA695 /* SceneDelegate.swift */; };
		F3570BDA25B2EDB4004DA695 /* LoginView.swift in Sources */ = {isa = PBXBuildFile; fileRef = F3570BD925B2EDB4004DA695 /* LoginView.swift */; };
		F3570BEF25B2F257004DA695 /* ColorExt.swift in Sources */ = {isa = PBXBuildFile; fileRef = F3570BEE25B2F257004DA695 /* ColorExt.swift */; };
		F3570BF425B2F31E004DA695 /* LoginBackgroundView.swift in Sources */ = {isa = PBXBuildFile; fileRef = F3570BF325B2F31E004DA695 /* LoginBackgroundView.swift */; };
		F3570BFE25B2F8F6004DA695 /* ViewBottom.swift in Sources */ = {isa = PBXBuildFile; fileRef = F3570BFD25B2F8F6004DA695 /* ViewBottom.swift */; };
		F3570C0625B301FA004DA695 /* WelcomeScreen.swift in Sources */ = {isa = PBXBuildFile; fileRef = F3570C0525B301FA004DA695 /* WelcomeScreen.swift */; };
/* End PBXBuildFile section */

/* Begin PBXContainerItemProxy section */
		F3570BB525B2ECC4004DA695 /* PBXContainerItemProxy */ = {
			isa = PBXContainerItemProxy;
			containerPortal = F3570B9B25B2ECC1004DA695 /* Project object */;
			proxyType = 1;
			remoteGlobalIDString = F3570BA225B2ECC1004DA695;
			remoteInfo = HeroWorkoutAufgabeApp;
		};
		F3570BC025B2ECC4004DA695 /* PBXContainerItemProxy */ = {
			isa = PBXContainerItemProxy;
			containerPortal = F3570B9B25B2ECC1004DA695 /* Project object */;
			proxyType = 1;
			remoteGlobalIDString = F3570BA225B2ECC1004DA695;
			remoteInfo = HeroWorkoutAufgabeApp;
		};
/* End PBXContainerItemProxy section */

/* Begin PBXFileReference section */
		F3570BA325B2ECC1004DA695 /* HeroWorkoutAufgabeApp.app */ = {isa = PBXFileReference; explicitFileType = wrapper.application; includeInIndex = 0; path = HeroWorkoutAufgabeApp.app; sourceTree = BUILT_PRODUCTS_DIR; };
		F3570BA625B2ECC1004DA695 /* HeroWorkoutAufgabeAppApp.swift */ = {isa = PBXFileReference; lastKnownFileType = sourcecode.swift; path = HeroWorkoutAufgabeAppApp.swift; sourceTree = "<group>"; };
		F3570BA825B2ECC1004DA695 /* ContentView.swift */ = {isa = PBXFileReference; lastKnownFileType = sourcecode.swift; path = ContentView.swift; sourceTree = "<group>"; };
		F3570BAA25B2ECC4004DA695 /* Assets.xcassets */ = {isa = PBXFileReference; lastKnownFileType = folder.assetcatalog; path = Assets.xcassets; sourceTree = "<group>"; };
		F3570BAD25B2ECC4004DA695 /* Preview Assets.xcassets */ = {isa = PBXFileReference; lastKnownFileType = folder.assetcatalog; path = "Preview Assets.xcassets"; sourceTree = "<group>"; };
		F3570BAF25B2ECC4004DA695 /* Info.plist */ = {isa = PBXFileReference; lastKnownFileType = text.plist.xml; path = Info.plist; sourceTree = "<group>"; };
		F3570BB425B2ECC4004DA695 /* HeroWorkoutAufgabeAppTests.xctest */ = {isa = PBXFileReference; explicitFileType = wrapper.cfbundle; includeInIndex = 0; path = HeroWorkoutAufgabeAppTests.xctest; sourceTree = BUILT_PRODUCTS_DIR; };
		F3570BB825B2ECC4004DA695 /* HeroWorkoutAufgabeAppTests.swift */ = {isa = PBXFileReference; lastKnownFileType = sourcecode.swift; path = HeroWorkoutAufgabeAppTests.swift; sourceTree = "<group>"; };
		F3570BBA25B2ECC4004DA695 /* Info.plist */ = {isa = PBXFileReference; lastKnownFileType = text.plist.xml; path = Info.plist; sourceTree = "<group>"; };
		F3570BBF25B2ECC4004DA695 /* HeroWorkoutAufgabeAppUITests.xctest */ = {isa = PBXFileReference; explicitFileType = wrapper.cfbundle; includeInIndex = 0; path = HeroWorkoutAufgabeAppUITests.xctest; sourceTree = BUILT_PRODUCTS_DIR; };
		F3570BC325B2ECC4004DA695 /* HeroWorkoutAufgabeAppUITests.swift */ = {isa = PBXFileReference; lastKnownFileType = sourcecode.swift; path = HeroWorkoutAufgabeAppUITests.swift; sourceTree = "<group>"; };
		F3570BC525B2ECC4004DA695 /* Info.plist */ = {isa = PBXFileReference; lastKnownFileType = text.plist.xml; path = Info.plist; sourceTree = "<group>"; };
		F3570BD425B2ED4A004DA695 /* SceneDelegate.swift */ = {isa = PBXFileReference; lastKnownFileType = sourcecode.swift; path = SceneDelegate.swift; sourceTree = "<group>"; };
		F3570BD925B2EDB4004DA695 /* LoginView.swift */ = {isa = PBXFileReference; lastKnownFileType = sourcecode.swift; path = LoginView.swift; sourceTree = "<group>"; };
		F3570BEE25B2F257004DA695 /* ColorExt.swift */ = {isa = PBXFileReference; lastKnownFileType = sourcecode.swift; path = ColorExt.swift; sourceTree = "<group>"; };
		F3570BF325B2F31E004DA695 /* LoginBackgroundView.swift */ = {isa = PBXFileReference; lastKnownFileType = sourcecode.swift; path = LoginBackgroundView.swift; sourceTree = "<group>"; };
		F3570BFD25B2F8F6004DA695 /* ViewBottom.swift */ = {isa = PBXFileReference; lastKnownFileType = sourcecode.swift; path = ViewBottom.swift; sourceTree = "<group>"; };
		F3570C0525B301FA004DA695 /* WelcomeScreen.swift */ = {isa = PBXFileReference; lastKnownFileType = sourcecode.swift; path = WelcomeScreen.swift; sourceTree = "<group>"; };
/* End PBXFileReference section */

/* Begin PBXFrameworksBuildPhase section */
		F3570BA025B2ECC1004DA695 /* Frameworks */ = {
			isa = PBXFrameworksBuildPhase;
			buildActionMask = 2147483647;
			files = (
			);
			runOnlyForDeploymentPostprocessing = 0;
		};
		F3570BB125B2ECC4004DA695 /* Frameworks */ = {
			isa = PBXFrameworksBuildPhase;
			buildActionMask = 2147483647;
			files = (
			);
			runOnlyForDeploymentPostprocessing = 0;
		};
		F3570BBC25B2ECC4004DA695 /* Frameworks */ = {
			isa = PBXFrameworksBuildPhase;
			buildActionMask = 2147483647;
			files = (
			);
			runOnlyForDeploymentPostprocessing = 0;
		};
/* End PBXFrameworksBuildPhase section */

/* Begin PBXGroup section */
		F3570B9A25B2ECC1004DA695 = {
			isa = PBXGroup;
			children = (
				F3570BA525B2ECC1004DA695 /* HeroWorkoutAufgabeApp */,
				F3570BB725B2ECC4004DA695 /* HeroWorkoutAufgabeAppTests */,
				F3570BC225B2ECC4004DA695 /* HeroWorkoutAufgabeAppUITests */,
				F3570BA425B2ECC1004DA695 /* Products */,
			);
			sourceTree = "<group>";
		};
		F3570BA425B2ECC1004DA695 /* Products */ = {
			isa = PBXGroup;
			children = (
				F3570BA325B2ECC1004DA695 /* HeroWorkoutAufgabeApp.app */,
				F3570BB425B2ECC4004DA695 /* HeroWorkoutAufgabeAppTests.xctest */,
				F3570BBF25B2ECC4004DA695 /* HeroWorkoutAufgabeAppUITests.xctest */,
			);
			name = Products;
			sourceTree = "<group>";
		};
		F3570BA525B2ECC1004DA695 /* HeroWorkoutAufgabeApp */ = {
			isa = PBXGroup;
			children = (
				F3570BA625B2ECC1004DA695 /* HeroWorkoutAufgabeAppApp.swift */,
				F3570BA825B2ECC1004DA695 /* ContentView.swift */,
				F3570BF325B2F31E004DA695 /* LoginBackgroundView.swift */,
				F3570BFD25B2F8F6004DA695 /* ViewBottom.swift */,
				F3570BD925B2EDB4004DA695 /* LoginView.swift */,
				F3570C0525B301FA004DA695 /* WelcomeScreen.swift */,
				F3570BD425B2ED4A004DA695 /* SceneDelegate.swift */,
				F3570BED25B2F234004DA695 /* Extensions */,
				F3570BAA25B2ECC4004DA695 /* Assets.xcassets */,
				F3570BAF25B2ECC4004DA695 /* Info.plist */,
				F3570BAC25B2ECC4004DA695 /* Preview Content */,
			);
			path = HeroWorkoutAufgabeApp;
			sourceTree = "<group>";
		};
		F3570BAC25B2ECC4004DA695 /* Preview Content */ = {
			isa = PBXGroup;
			children = (
				F3570BAD25B2ECC4004DA695 /* Preview Assets.xcassets */,
			);
			path = "Preview Content";
			sourceTree = "<group>";
		};
		F3570BB725B2ECC4004DA695 /* HeroWorkoutAufgabeAppTests */ = {
			isa = PBXGroup;
			children = (
				F3570BB825B2ECC4004DA695 /* HeroWorkoutAufgabeAppTests.swift */,
				F3570BBA25B2ECC4004DA695 /* Info.plist */,
			);
			path = HeroWorkoutAufgabeAppTests;
			sourceTree = "<group>";
		};
		F3570BC225B2ECC4004DA695 /* HeroWorkoutAufgabeAppUITests */ = {
			isa = PBXGroup;
			children = (
				F3570BC325B2ECC4004DA695 /* HeroWorkoutAufgabeAppUITests.swift */,
				F3570BC525B2ECC4004DA695 /* Info.plist */,
			);
			path = HeroWorkoutAufgabeAppUITests;
			sourceTree = "<group>";
		};
		F3570BED25B2F234004DA695 /* Extensions */ = {
			isa = PBXGroup;
			children = (
				F3570BEE25B2F257004DA695 /* ColorExt.swift */,
			);
			path = Extensions;
			sourceTree = "<group>";
		};
/* End PBXGroup section */

/* Begin PBXNativeTarget section */
		F3570BA225B2ECC1004DA695 /* HeroWorkoutAufgabeApp */ = {
			isa = PBXNativeTarget;
			buildConfigurationList = F3570BC825B2ECC4004DA695 /* Build configuration list for PBXNativeTarget "HeroWorkoutAufgabeApp" */;
			buildPhases = (
				F3570B9F25B2ECC1004DA695 /* Sources */,
				F3570BA025B2ECC1004DA695 /* Frameworks */,
				F3570BA125B2ECC1004DA695 /* Resources */,
			);
			buildRules = (
			);
			dependencies = (
			);
			name = HeroWorkoutAufgabeApp;
			productName = HeroWorkoutAufgabeApp;
			productReference = F3570BA325B2ECC1004DA695 /* HeroWorkoutAufgabeApp.app */;
			productType = "com.apple.product-type.application";
		};
		F3570BB325B2ECC4004DA695 /* HeroWorkoutAufgabeAppTests */ = {
			isa = PBXNativeTarget;
			buildConfigurationList = F3570BCB25B2ECC4004DA695 /* Build configuration list for PBXNativeTarget "HeroWorkoutAufgabeAppTests" */;
			buildPhases = (
				F3570BB025B2ECC4004DA695 /* Sources */,
				F3570BB125B2ECC4004DA695 /* Frameworks */,
				F3570BB225B2ECC4004DA695 /* Resources */,
			);
			buildRules = (
			);
			dependencies = (
				F3570BB625B2ECC4004DA695 /* PBXTargetDependency */,
			);
			name = HeroWorkoutAufgabeAppTests;
			productName = HeroWorkoutAufgabeAppTests;
			productReference = F3570BB425B2ECC4004DA695 /* HeroWorkoutAufgabeAppTests.xctest */;
			productType = "com.apple.product-type.bundle.unit-test";
		};
		F3570BBE25B2ECC4004DA695 /* HeroWorkoutAufgabeAppUITests */ = {
			isa = PBXNativeTarget;
			buildConfigurationList = F3570BCE25B2ECC4004DA695 /* Build configuration list for PBXNativeTarget "HeroWorkoutAufgabeAppUITests" */;
			buildPhases = (
				F3570BBB25B2ECC4004DA695 /* Sources */,
				F3570BBC25B2ECC4004DA695 /* Frameworks */,
				F3570BBD25B2ECC4004DA695 /* Resources */,
			);
			buildRules = (
			);
			dependencies = (
				F3570BC125B2ECC4004DA695 /* PBXTargetDependency */,
			);
			name = HeroWorkoutAufgabeAppUITests;
			productName = HeroWorkoutAufgabeAppUITests;
			productReference = F3570BBF25B2ECC4004DA695 /* HeroWorkoutAufgabeAppUITests.xctest */;
			productType = "com.apple.product-type.bundle.ui-testing";
		};
/* End PBXNativeTarget section */

/* Begin PBXProject section */
		F3570B9B25B2ECC1004DA695 /* Project object */ = {
			isa = PBXProject;
			attributes = {
				LastSwiftUpdateCheck = 1230;
				LastUpgradeCheck = 1230;
				TargetAttributes = {
					F3570BA225B2ECC1004DA695 = {
						CreatedOnToolsVersion = 12.3;
					};
					F3570BB325B2ECC4004DA695 = {
						CreatedOnToolsVersion = 12.3;
						TestTargetID = F3570BA225B2ECC1004DA695;
					};
					F3570BBE25B2ECC4004DA695 = {
						CreatedOnToolsVersion = 12.3;
						TestTargetID = F3570BA225B2ECC1004DA695;
					};
				};
			};
			buildConfigurationList = F3570B9E25B2ECC1004DA695 /* Build configuration list for PBXProject "HeroWorkoutAufgabeApp" */;
			compatibilityVersion = "Xcode 9.3";
			developmentRegion = en;
			hasScannedForEncodings = 0;
			knownRegions = (
				en,
				Base,
			);
			mainGroup = F3570B9A25B2ECC1004DA695;
			productRefGroup = F3570BA425B2ECC1004DA695 /* Products */;
			projectDirPath = "";
			projectRoot = "";
			targets = (
				F3570BA225B2ECC1004DA695 /* HeroWorkoutAufgabeApp */,
				F3570BB325B2ECC4004DA695 /* HeroWorkoutAufgabeAppTests */,
				F3570BBE25B2ECC4004DA695 /* HeroWorkoutAufgabeAppUITests */,
			);
		};
/* End PBXProject section */

/* Begin PBXResourcesBuildPhase section */
		F3570BA125B2ECC1004DA695 /* Resources */ = {
			isa = PBXResourcesBuildPhase;
			buildActionMask = 2147483647;
			files = (
				F3570BAE25B2ECC4004DA695 /* Preview Assets.xcassets in Resources */,
				F3570BAB25B2ECC4004DA695 /* Assets.xcassets in Resources */,
			);
			runOnlyForDeploymentPostprocessing = 0;
		};
		F3570BB225B2ECC4004DA695 /* Resources */ = {
			isa = PBXResourcesBuildPhase;
			buildActionMask = 2147483647;
			files = (
			);
			runOnlyForDeploymentPostprocessing = 0;
		};
		F3570BBD25B2ECC4004DA695 /* Resources */ = {
			isa = PBXResourcesBuildPhase;
			buildActionMask = 2147483647;
			files = (
			);
			runOnlyForDeploymentPostprocessing = 0;
		};
/* End PBXResourcesBuildPhase section */

/* Begin PBXSourcesBuildPhase section */
		F3570B9F25B2ECC1004DA695 /* Sources */ = {
			isa = PBXSourcesBuildPhase;
			buildActionMask = 2147483647;
			files = (
				F3570BA925B2ECC1004DA695 /* ContentView.swift in Sources */,
				F3570BEF25B2F257004DA695 /* ColorExt.swift in Sources */,
				F3570C0625B301FA004DA695 /* WelcomeScreen.swift in Sources */,
				F3570BFE25B2F8F6004DA695 /* ViewBottom.swift in Sources */,
				F3570BF425B2F31E004DA695 /* LoginBackgroundView.swift in Sources */,
				F3570BA725B2ECC1004DA695 /* HeroWorkoutAufgabeAppApp.swift in Sources */,
				F3570BDA25B2EDB4004DA695 /* LoginView.swift in Sources */,
				F3570BD525B2ED4A004DA695 /* SceneDelegate.swift in Sources */,
			);
			runOnlyForDeploymentPostprocessing = 0;
		};
		F3570BB025B2ECC4004DA695 /* Sources */ = {
			isa = PBXSourcesBuildPhase;
			buildActionMask = 2147483647;
			files = (
				F3570BB925B2ECC4004DA695 /* HeroWorkoutAufgabeAppTests.swift in Sources */,
			);
			runOnlyForDeploymentPostprocessing = 0;
		};
		F3570BBB25B2ECC4004DA695 /* Sources */ = {
			isa = PBXSourcesBuildPhase;
			buildActionMask = 2147483647;
			files = (
				F3570BC425B2ECC4004DA695 /* HeroWorkoutAufgabeAppUITests.swift in Sources */,
			);
			runOnlyForDeploymentPostprocessing = 0;
		};
/* End PBXSourcesBuildPhase section */

/* Begin PBXTargetDependency section */
		F3570BB625B2ECC4004DA695 /* PBXTargetDependency */ = {
			isa = PBXTargetDependency;
			target = F3570BA225B2ECC1004DA695 /* HeroWorkoutAufgabeApp */;
			targetProxy = F3570BB525B2ECC4004DA695 /* PBXContainerItemProxy */;
		};
		F3570BC125B2ECC4004DA695 /* PBXTargetDependency */ = {
			isa = PBXTargetDependency;
			target = F3570BA225B2ECC1004DA695 /* HeroWorkoutAufgabeApp */;
			targetProxy = F3570BC025B2ECC4004DA695 /* PBXContainerItemProxy */;
		};
/* End PBXTargetDependency section */

/* Begin XCBuildConfiguration section */
		F3570BC625B2ECC4004DA695 /* Debug */ = {
			isa = XCBuildConfiguration;
			buildSettings = {
				ALWAYS_SEARCH_USER_PATHS = NO;
				CLANG_ANALYZER_NONNULL = YES;
				CLANG_ANALYZER_NUMBER_OBJECT_CONVERSION = YES_AGGRESSIVE;
				CLANG_CXX_LANGUAGE_STANDARD = "gnu++14";
				CLANG_CXX_LIBRARY = "libc++";
				CLANG_ENABLE_MODULES = YES;
				CLANG_ENABLE_OBJC_ARC = YES;
				CLANG_ENABLE_OBJC_WEAK = YES;
				CLANG_WARN_BLOCK_CAPTURE_AUTORELEASING = YES;
				CLANG_WARN_BOOL_CONVERSION = YES;
				CLANG_WARN_COMMA = YES;
				CLANG_WARN_CONSTANT_CONVERSION = YES;
				CLANG_WARN_DEPRECATED_OBJC_IMPLEMENTATIONS = YES;
				CLANG_WARN_DIRECT_OBJC_ISA_USAGE = YES_ERROR;
				CLANG_WARN_DOCUMENTATION_COMMENTS = YES;
				CLANG_WARN_EMPTY_BODY = YES;
				CLANG_WARN_ENUM_CONVERSION = YES;
				CLANG_WARN_INFINITE_RECURSION = YES;
				CLANG_WARN_INT_CONVERSION = YES;
				CLANG_WARN_NON_LITERAL_NULL_CONVERSION = YES;
				CLANG_WARN_OBJC_IMPLICIT_RETAIN_SELF = YES;
				CLANG_WARN_OBJC_LITERAL_CONVERSION = YES;
				CLANG_WARN_OBJC_ROOT_CLASS = YES_ERROR;
				CLANG_WARN_QUOTED_INCLUDE_IN_FRAMEWORK_HEADER = YES;
				CLANG_WARN_RANGE_LOOP_ANALYSIS = YES;
				CLANG_WARN_STRICT_PROTOTYPES = YES;
				CLANG_WARN_SUSPICIOUS_MOVE = YES;
				CLANG_WARN_UNGUARDED_AVAILABILITY = YES_AGGRESSIVE;
				CLANG_WARN_UNREACHABLE_CODE = YES;
				CLANG_WARN__DUPLICATE_METHOD_MATCH = YES;
				COPY_PHASE_STRIP = NO;
				DEBUG_INFORMATION_FORMAT = dwarf;
				ENABLE_STRICT_OBJC_MSGSEND = YES;
				ENABLE_TESTABILITY = YES;
				GCC_C_LANGUAGE_STANDARD = gnu11;
				GCC_DYNAMIC_NO_PIC = NO;
				GCC_NO_COMMON_BLOCKS = YES;
				GCC_OPTIMIZATION_LEVEL = 0;
				GCC_PREPROCESSOR_DEFINITIONS = (
					"DEBUG=1",
					"$(inherited)",
				);
				GCC_WARN_64_TO_32_BIT_CONVERSION = YES;
				GCC_WARN_ABOUT_RETURN_TYPE = YES_ERROR;
				GCC_WARN_UNDECLARED_SELECTOR = YES;
				GCC_WARN_UNINITIALIZED_AUTOS = YES_AGGRESSIVE;
				GCC_WARN_UNUSED_FUNCTION = YES;
				GCC_WARN_UNUSED_VARIABLE = YES;
				IPHONEOS_DEPLOYMENT_TARGET = 14.3;
				MTL_ENABLE_DEBUG_INFO = INCLUDE_SOURCE;
				MTL_FAST_MATH = YES;
				ONLY_ACTIVE_ARCH = YES;
				SDKROOT = iphoneos;
				SWIFT_ACTIVE_COMPILATION_CONDITIONS = DEBUG;
				SWIFT_OPTIMIZATION_LEVEL = "-Onone";
			};
			name = Debug;
		};
		F3570BC725B2ECC4004DA695 /* Release */ = {
			isa = XCBuildConfiguration;
			buildSettings = {
				ALWAYS_SEARCH_USER_PATHS = NO;
				CLANG_ANALYZER_NONNULL = YES;
				CLANG_ANALYZER_NUMBER_OBJECT_CONVERSION = YES_AGGRESSIVE;
				CLANG_CXX_LANGUAGE_STANDARD = "gnu++14";
				CLANG_CXX_LIBRARY = "libc++";
				CLANG_ENABLE_MODULES = YES;
				CLANG_ENABLE_OBJC_ARC = YES;
				CLANG_ENABLE_OBJC_WEAK = YES;
				CLANG_WARN_BLOCK_CAPTURE_AUTORELEASING = YES;
				CLANG_WARN_BOOL_CONVERSION = YES;
				CLANG_WARN_COMMA = YES;
				CLANG_WARN_CONSTANT_CONVERSION = YES;
				CLANG_WARN_DEPRECATED_OBJC_IMPLEMENTATIONS = YES;
				CLANG_WARN_DIRECT_OBJC_ISA_USAGE = YES_ERROR;
				CLANG_WARN_DOCUMENTATION_COMMENTS = YES;
				CLANG_WARN_EMPTY_BODY = YES;
				CLANG_WARN_ENUM_CONVERSION = YES;
				CLANG_WARN_INFINITE_RECURSION = YES;
				CLANG_WARN_INT_CONVERSION = YES;
				CLANG_WARN_NON_LITERAL_NULL_CONVERSION = YES;
				CLANG_WARN_OBJC_IMPLICIT_RETAIN_SELF = YES;
				CLANG_WARN_OBJC_LITERAL_CONVERSION = YES;
				CLANG_WARN_OBJC_ROOT_CLASS = YES_ERROR;
				CLANG_WARN_QUOTED_INCLUDE_IN_FRAMEWORK_HEADER = YES;
				CLANG_WARN_RANGE_LOOP_ANALYSIS = YES;
				CLANG_WARN_STRICT_PROTOTYPES = YES;
				CLANG_WARN_SUSPICIOUS_MOVE = YES;
				CLANG_WARN_UNGUARDED_AVAILABILITY = YES_AGGRESSIVE;
				CLANG_WARN_UNREACHABLE_CODE = YES;
				CLANG_WARN__DUPLICATE_METHOD_MATCH = YES;
				COPY_PHASE_STRIP = NO;
				DEBUG_INFORMATION_FORMAT = "dwarf-with-dsym";
				ENABLE_NS_ASSERTIONS = NO;
				ENABLE_STRICT_OBJC_MSGSEND = YES;
				GCC_C_LANGUAGE_STANDARD = gnu11;
				GCC_NO_COMMON_BLOCKS = YES;
				GCC_WARN_64_TO_32_BIT_CONVERSION = YES;
				GCC_WARN_ABOUT_RETURN_TYPE = YES_ERROR;
				GCC_WARN_UNDECLARED_SELECTOR = YES;
				GCC_WARN_UNINITIALIZED_AUTOS = YES_AGGRESSIVE;
				GCC_WARN_UNUSED_FUNCTION = YES;
				GCC_WARN_UNUSED_VARIABLE = YES;
				IPHONEOS_DEPLOYMENT_TARGET = 14.3;
				MTL_ENABLE_DEBUG_INFO = NO;
				MTL_FAST_MATH = YES;
				SDKROOT = iphoneos;
				SWIFT_COMPILATION_MODE = wholemodule;
				SWIFT_OPTIMIZATION_LEVEL = "-O";
				VALIDATE_PRODUCT = YES;
			};
			name = Release;
		};
		F3570BC925B2ECC4004DA695 /* Debug */ = {
			isa = XCBuildConfiguration;
			buildSettings = {
				ASSETCATALOG_COMPILER_APPICON_NAME = AppIcon;
				ASSETCATALOG_COMPILER_GLOBAL_ACCENT_COLOR_NAME = AccentColor;
				CODE_SIGN_STYLE = Automatic;
				DEVELOPMENT_ASSET_PATHS = "\"HeroWorkoutAufgabeApp/Preview Content\"";
				ENABLE_PREVIEWS = YES;
				INFOPLIST_FILE = HeroWorkoutAufgabeApp/Info.plist;
				IPHONEOS_DEPLOYMENT_TARGET = 14.0;
				LD_RUNPATH_SEARCH_PATHS = (
					"$(inherited)",
					"@executable_path/Frameworks",
				);
				PRODUCT_BUNDLE_IDENTIFIER = com.HeroWorkoutAufgabeApp;
				PRODUCT_NAME = "$(TARGET_NAME)";
				SWIFT_VERSION = 5.0;
				TARGETED_DEVICE_FAMILY = "1,2";
			};
			name = Debug;
		};
		F3570BCA25B2ECC4004DA695 /* Release */ = {
			isa = XCBuildConfiguration;
			buildSettings = {
				ASSETCATALOG_COMPILER_APPICON_NAME = AppIcon;
				ASSETCATALOG_COMPILER_GLOBAL_ACCENT_COLOR_NAME = AccentColor;
				CODE_SIGN_STYLE = Automatic;
				DEVELOPMENT_ASSET_PATHS = "\"HeroWorkoutAufgabeApp/Preview Content\"";
				ENABLE_PREVIEWS = YES;
				INFOPLIST_FILE = HeroWorkoutAufgabeApp/Info.plist;
				IPHONEOS_DEPLOYMENT_TARGET = 14.0;
				LD_RUNPATH_SEARCH_PATHS = (
					"$(inherited)",
					"@executable_path/Frameworks",
				);
				PRODUCT_BUNDLE_IDENTIFIER = com.HeroWorkoutAufgabeApp;
				PRODUCT_NAME = "$(TARGET_NAME)";
				SWIFT_VERSION = 5.0;
				TARGETED_DEVICE_FAMILY = "1,2";
			};
			name = Release;
		};
		F3570BCC25B2ECC4004DA695 /* Debug */ = {
			isa = XCBuildConfiguration;
			buildSettings = {
				ALWAYS_EMBED_SWIFT_STANDARD_LIBRARIES = YES;
				BUNDLE_LOADER = "$(TEST_HOST)";
				CODE_SIGN_STYLE = Automatic;
				INFOPLIST_FILE = HeroWorkoutAufgabeAppTests/Info.plist;
				IPHONEOS_DEPLOYMENT_TARGET = 14.0;
				LD_RUNPATH_SEARCH_PATHS = (
					"$(inherited)",
					"@executable_path/Frameworks",
					"@loader_path/Frameworks",
				);
				PRODUCT_BUNDLE_IDENTIFIER = com.HeroWorkoutAufgabeAppTests;
				PRODUCT_NAME = "$(TARGET_NAME)";
				SWIFT_VERSION = 5.0;
				TARGETED_DEVICE_FAMILY = "1,2";
				TEST_HOST = "$(BUILT_PRODUCTS_DIR)/HeroWorkoutAufgabeApp.app/HeroWorkoutAufgabeApp";
			};
			name = Debug;
		};
		F3570BCD25B2ECC4004DA695 /* Release */ = {
			isa = XCBuildConfiguration;
			buildSettings = {
				ALWAYS_EMBED_SWIFT_STANDARD_LIBRARIES = YES;
				BUNDLE_LOADER = "$(TEST_HOST)";
				CODE_SIGN_STYLE = Automatic;
				INFOPLIST_FILE = HeroWorkoutAufgabeAppTests/Info.plist;
				IPHONEOS_DEPLOYMENT_TARGET = 14.0;
				LD_RUNPATH_SEARCH_PATHS = (
					"$(inherited)",
					"@executable_path/Frameworks",
					"@loader_path/Frameworks",
				);
				PRODUCT_BUNDLE_IDENTIFIER = com.HeroWorkoutAufgabeAppTests;
				PRODUCT_NAME = "$(TARGET_NAME)";
				SWIFT_VERSION = 5.0;
				TARGETED_DEVICE_FAMILY = "1,2";
				TEST_HOST = "$(BUILT_PRODUCTS_DIR)/HeroWorkoutAufgabeApp.app/HeroWorkoutAufgabeApp";
			};
			name = Release;
		};
		F3570BCF25B2ECC4004DA695 /* Debug */ = {
			isa = XCBuildConfiguration;
			buildSettings = {
				ALWAYS_EMBED_SWIFT_STANDARD_LIBRARIES = YES;
				CODE_SIGN_STYLE = Automatic;
				INFOPLIST_FILE = HeroWorkoutAufgabeAppUITests/Info.plist;
				LD_RUNPATH_SEARCH_PATHS = (
					"$(inherited)",
					"@executable_path/Frameworks",
					"@loader_path/Frameworks",
				);
				PRODUCT_BUNDLE_IDENTIFIER = com.HeroWorkoutAufgabeAppUITests;
				PRODUCT_NAME = "$(TARGET_NAME)";
				SWIFT_VERSION = 5.0;
				TARGETED_DEVICE_FAMILY = "1,2";
				TEST_TARGET_NAME = HeroWorkoutAufgabeApp;
			};
			name = Debug;
		};
		F3570BD025B2ECC4004DA695 /* Release */ = {
			isa = XCBuildConfiguration;
			buildSettings = {
				ALWAYS_EMBED_SWIFT_STANDARD_LIBRARIES = YES;
				CODE_SIGN_STYLE = Automatic;
				INFOPLIST_FILE = HeroWorkoutAufgabeAppUITests/Info.plist;
				LD_RUNPATH_SEARCH_PATHS = (
					"$(inherited)",
					"@executable_path/Frameworks",
					"@loader_path/Frameworks",
				);
				PRODUCT_BUNDLE_IDENTIFIER = com.HeroWorkoutAufgabeAppUITests;
				PRODUCT_NAME = "$(TARGET_NAME)";
				SWIFT_VERSION = 5.0;
				TARGETED_DEVICE_FAMILY = "1,2";
				TEST_TARGET_NAME = HeroWorkoutAufgabeApp;
			};
			name = Release;
		};
/* End XCBuildConfiguration section */

/* Begin XCConfigurationList section */
		F3570B9E25B2ECC1004DA695 /* Build configuration list for PBXProject "HeroWorkoutAufgabeApp" */ = {
			isa = XCConfigurationList;
			buildConfigurations = (
				F3570BC625B2ECC4004DA695 /* Debug */,
				F3570BC725B2ECC4004DA695 /* Release */,
			);
			defaultConfigurationIsVisible = 0;
			defaultConfigurationName = Release;
		};
		F3570BC825B2ECC4004DA695 /* Build configuration list for PBXNativeTarget "HeroWorkoutAufgabeApp" */ = {
			isa = XCConfigurationList;
			buildConfigurations = (
				F3570BC925B2ECC4004DA695 /* Debug */,
				F3570BCA25B2ECC4004DA695 /* Release */,
			);
			defaultConfigurationIsVisible = 0;
			defaultConfigurationName = Release;
		};
		F3570BCB25B2ECC4004DA695 /* Build configuration list for PBXNativeTarget "HeroWorkoutAufgabeAppTests" */ = {
			isa = XCConfigurationList;
			buildConfigurations = (
				F3570BCC25B2ECC4004DA695 /* Debug */,
				F3570BCD25B2ECC4004DA695 /* Release */,
			);
			defaultConfigurationIsVisible = 0;
			defaultConfigurationName = Release;
		};
		F3570BCE25B2ECC4004DA695 /* Build configuration list for PBXNativeTarget "HeroWorkoutAufgabeAppUITests" */ = {
			isa = XCConfigurationList;
			buildConfigurations = (
				F3570BCF25B2ECC4004DA695 /* Debug */,
				F3570BD025B2ECC4004DA695 /* Release */,
			);
			defaultConfigurationIsVisible = 0;
			defaultConfigurationName = Release;
		};
/* End XCConfigurationList section */
	};
	rootObject = F3570B9B25B2ECC1004DA695 /* Project object */;
}
